// !$*UTF8*$!
{
	archiveVersion = 1;
	classes = {
	};
	objectVersion = 46;
	objects = {

/* Begin PBXBuildFile section */
		3B312C0B17602A8F00AF12F9 /* iAd.framework in Frameworks */ = {isa = PBXBuildFile; fileRef = 3B312C0A17602A8F00AF12F9 /* iAd.framework */; };
		3B3A62F91761557700C7DD46 /* ButtonGradient3.png in Resources */ = {isa = PBXBuildFile; fileRef = 3B3A62F61761557700C7DD46 /* ButtonGradient3.png */; };
		3B47EFA1176955EB00A67A31 /* iPhone4A.xib in Resources */ = {isa = PBXBuildFile; fileRef = 3B47EFA0176955EB00A67A31 /* iPhone4A.xib */; };
		3B47EFA31769635C00A67A31 /* iPhone3.5A.xib in Resources */ = {isa = PBXBuildFile; fileRef = 3B47EFA21769635C00A67A31 /* iPhone3.5A.xib */; };
		3B47EFA9176965B800A67A31 /* iPad4.xib in Resources */ = {isa = PBXBuildFile; fileRef = 3B47EFA8176965B800A67A31 /* iPad4.xib */; };
		3B730725175EC9F500873194 /* UIKit.framework in Frameworks */ = {isa = PBXBuildFile; fileRef = 3B730724175EC9F500873194 /* UIKit.framework */; };
		3B730727175EC9F500873194 /* Foundation.framework in Frameworks */ = {isa = PBXBuildFile; fileRef = 3B730726175EC9F500873194 /* Foundation.framework */; };
		3B730729175EC9F500873194 /* CoreGraphics.framework in Frameworks */ = {isa = PBXBuildFile; fileRef = 3B730728175EC9F500873194 /* CoreGraphics.framework */; };
		3B73072F175EC9F500873194 /* InfoPlist.strings in Resources */ = {isa = PBXBuildFile; fileRef = 3B73072D175EC9F500873194 /* InfoPlist.strings */; };
		3B730731175EC9F500873194 /* main.m in Sources */ = {isa = PBXBuildFile; fileRef = 3B730730175EC9F500873194 /* main.m */; };
		3B730735175EC9F500873194 /* AppDelegate.m in Sources */ = {isa = PBXBuildFile; fileRef = 3B730734175EC9F500873194 /* AppDelegate.m */; };
		3B73073E175EC9F500873194 /* MainStoryboard_iPhone.storyboard in Resources */ = {isa = PBXBuildFile; fileRef = 3B73073C175EC9F500873194 /* MainStoryboard_iPhone.storyboard */; };
		3B730741175EC9F500873194 /* MainStoryboard_iPad.storyboard in Resources */ = {isa = PBXBuildFile; fileRef = 3B73073F175EC9F500873194 /* MainStoryboard_iPad.storyboard */; };
		3B730744175EC9F500873194 /* ViewController.m in Sources */ = {isa = PBXBuildFile; fileRef = 3B730743175EC9F500873194 /* ViewController.m */; };
		3BD2866C1762E97100A9AEE4 /* scale-57x57.png in Resources */ = {isa = PBXBuildFile; fileRef = 3BD2866B1762E97100A9AEE4 /* scale-57x57.png */; };
		3BD2866E1762EAAC00A9AEE4 /* scale-144x144.png in Resources */ = {isa = PBXBuildFile; fileRef = 3BD2866D1762EAAC00A9AEE4 /* scale-144x144.png */; };
		3BD286701762EB0700A9AEE4 /* scale-72x72.png in Resources */ = {isa = PBXBuildFile; fileRef = 3BD2866F1762EB0700A9AEE4 /* scale-72x72.png */; };
		3BD286721762EF5B00A9AEE4 /* Default-Portrait@2x~ipad.png in Resources */ = {isa = PBXBuildFile; fileRef = 3BD286711762EF5B00A9AEE4 /* Default-Portrait@2x~ipad.png */; };
		3BD286741762EFC000A9AEE4 /* Default-Portrait~ipad.png in Resources */ = {isa = PBXBuildFile; fileRef = 3BD286731762EFC000A9AEE4 /* Default-Portrait~ipad.png */; };
		3BDB0CFD1762A7FA007AB586 /* Default-568h@2x.png in Resources */ = {isa = PBXBuildFile; fileRef = 3BDB0CF91762A7FA007AB586 /* Default-568h@2x.png */; };
		3BDB0D001762A7FA007AB586 /* scale-114x114.png in Resources */ = {isa = PBXBuildFile; fileRef = 3BDB0CFC1762A7FA007AB586 /* scale-114x114.png */; };
		3BDB0D021762C184007AB586 /* StoreKit.framework in Frameworks */ = {isa = PBXBuildFile; fileRef = 3BDB0D011762C184007AB586 /* StoreKit.framework */; };
		3BDB0D051762CCD9007AB586 /* MyStoreObserver.m in Sources */ = {isa = PBXBuildFile; fileRef = 3BDB0D041762CCD9007AB586 /* MyStoreObserver.m */; };
		3BDF4FA8176019D800964B0E /* MyButton.m in Sources */ = {isa = PBXBuildFile; fileRef = 3BDF4FA7176019D800964B0E /* MyButton.m */; };
		3BDF4FAA17601B3C00964B0E /* QuartzCore.framework in Frameworks */ = {isa = PBXBuildFile; fileRef = 3BDF4FA917601B3C00964B0E /* QuartzCore.framework */; };
/* End PBXBuildFile section */

/* Begin PBXFileReference section */
		3B312C0A17602A8F00AF12F9 /* iAd.framework */ = {isa = PBXFileReference; lastKnownFileType = wrapper.framework; name = iAd.framework; path = System/Library/Frameworks/iAd.framework; sourceTree = SDKROOT; };
		3B3560F6176378DC0064E489 /* evenbetterdeal.entitlements */ = {isa = PBXFileReference; lastKnownFileType = text.xml; path = evenbetterdeal.entitlements; sourceTree = "<group>"; };
		3B3A62F51761557700C7DD46 /* ButtonGradient2.png */ = {isa = PBXFileReference; lastKnownFileType = image.png; path = ButtonGradient2.png; sourceTree = "<group>"; };
		3B3A62F61761557700C7DD46 /* ButtonGradient3.png */ = {isa = PBXFileReference; lastKnownFileType = image.png; path = ButtonGradient3.png; sourceTree = "<group>"; };
		3B3A62F71761557700C7DD46 /* ButtonGradient4.png */ = {isa = PBXFileReference; lastKnownFileType = image.png; path = ButtonGradient4.png; sourceTree = "<group>"; };
		3B47EFA0176955EB00A67A31 /* iPhone4A.xib */ = {isa = PBXFileReference; fileEncoding = 4; lastKnownFileType = file.xib; path = iPhone4A.xib; sourceTree = "<group>"; };
		3B47EFA21769635C00A67A31 /* iPhone3.5A.xib */ = {isa = PBXFileReference; fileEncoding = 4; lastKnownFileType = file.xib; path = iPhone3.5A.xib; sourceTree = "<group>"; };
		3B47EFA8176965B800A67A31 /* iPad4.xib */ = {isa = PBXFileReference; fileEncoding = 4; lastKnownFileType = file.xib; path = iPad4.xib; sourceTree = "<group>"; };
		3B730721175EC9F500873194 /* evenbetterdeal.app */ = {isa = PBXFileReference; explicitFileType = wrapper.application; includeInIndex = 0; path = evenbetterdeal.app; sourceTree = BUILT_PRODUCTS_DIR; };
		3B730724175EC9F500873194 /* UIKit.framework */ = {isa = PBXFileReference; lastKnownFileType = wrapper.framework; name = UIKit.framework; path = System/Library/Frameworks/UIKit.framework; sourceTree = SDKROOT; };
		3B730726175EC9F500873194 /* Foundation.framework */ = {isa = PBXFileReference; lastKnownFileType = wrapper.framework; name = Foundation.framework; path = System/Library/Frameworks/Foundation.framework; sourceTree = SDKROOT; };
		3B730728175EC9F500873194 /* CoreGraphics.framework */ = {isa = PBXFileReference; lastKnownFileType = wrapper.framework; name = CoreGraphics.framework; path = System/Library/Frameworks/CoreGraphics.framework; sourceTree = SDKROOT; };
		3B73072C175EC9F500873194 /* evenbetterdeal-Info.plist */ = {isa = PBXFileReference; lastKnownFileType = text.plist.xml; path = "evenbetterdeal-Info.plist"; sourceTree = "<group>"; };
		3B73072E175EC9F500873194 /* en */ = {isa = PBXFileReference; lastKnownFileType = text.plist.strings; name = en; path = en.lproj/InfoPlist.strings; sourceTree = "<group>"; };
		3B730730175EC9F500873194 /* main.m */ = {isa = PBXFileReference; lastKnownFileType = sourcecode.c.objc; path = main.m; sourceTree = "<group>"; };
		3B730732175EC9F500873194 /* evenbetterdeal-Prefix.pch */ = {isa = PBXFileReference; lastKnownFileType = sourcecode.c.h; path = "evenbetterdeal-Prefix.pch"; sourceTree = "<group>"; };
		3B730733175EC9F500873194 /* AppDelegate.h */ = {isa = PBXFileReference; lastKnownFileType = sourcecode.c.h; path = AppDelegate.h; sourceTree = "<group>"; };
		3B730734175EC9F500873194 /* AppDelegate.m */ = {isa = PBXFileReference; lastKnownFileType = sourcecode.c.objc; path = AppDelegate.m; sourceTree = "<group>"; };
		3B73073D175EC9F500873194 /* en */ = {isa = PBXFileReference; lastKnownFileType = file.storyboard; name = en; path = en.lproj/MainStoryboard_iPhone.storyboard; sourceTree = "<group>"; };
		3B730740175EC9F500873194 /* en */ = {isa = PBXFileReference; lastKnownFileType = file.storyboard; name = en; path = en.lproj/MainStoryboard_iPad.storyboard; sourceTree = "<group>"; };
		3B730742175EC9F500873194 /* ViewController.h */ = {isa = PBXFileReference; lastKnownFileType = sourcecode.c.h; path = ViewController.h; sourceTree = "<group>"; };
		3B730743175EC9F500873194 /* ViewController.m */ = {isa = PBXFileReference; lastKnownFileType = sourcecode.c.objc; path = ViewController.m; sourceTree = "<group>"; };
		3BD2866B1762E97100A9AEE4 /* scale-57x57.png */ = {isa = PBXFileReference; lastKnownFileType = image.png; path = "scale-57x57.png"; sourceTree = "<group>"; };
		3BD2866D1762EAAC00A9AEE4 /* scale-144x144.png */ = {isa = PBXFileReference; lastKnownFileType = image.png; path = "scale-144x144.png"; sourceTree = "<group>"; };
		3BD2866F1762EB0700A9AEE4 /* scale-72x72.png */ = {isa = PBXFileReference; lastKnownFileType = image.png; path = "scale-72x72.png"; sourceTree = "<group>"; };
		3BD286711762EF5B00A9AEE4 /* Default-Portrait@2x~ipad.png */ = {isa = PBXFileReference; lastKnownFileType = image.png; path = "Default-Portrait@2x~ipad.png"; sourceTree = "<group>"; };
		3BD286731762EFC000A9AEE4 /* Default-Portrait~ipad.png */ = {isa = PBXFileReference; lastKnownFileType = image.png; path = "Default-Portrait~ipad.png"; sourceTree = "<group>"; };
		3BDB0CE61762032E007AB586 /* iPhone3.5.xib */ = {isa = PBXFileReference; fileEncoding = 4; lastKnownFileType = file.xib; path = iPhone3.5.xib; sourceTree = "<group>"; };
		3BDB0CE817620AE1007AB586 /* iPhone4.xib */ = {isa = PBXFileReference; fileEncoding = 4; lastKnownFileType = file.xib; path = iPhone4.xib; sourceTree = "<group>"; };
		3BDB0CEA17620DC1007AB586 /* iPad.xib */ = {isa = PBXFileReference; fileEncoding = 4; lastKnownFileType = file.xib; path = iPad.xib; sourceTree = "<group>"; };
		3BDB0CF91762A7FA007AB586 /* Default-568h@2x.png */ = {isa = PBXFileReference; lastKnownFileType = image.png; path = "Default-568h@2x.png"; sourceTree = "<group>"; };
		3BDB0CFA1762A7FA007AB586 /* Default.png */ = {isa = PBXFileReference; lastKnownFileType = image.png; path = Default.png; sourceTree = "<group>"; };
		3BDB0CFB1762A7FA007AB586 /* Default@2x.png */ = {isa = PBXFileReference; lastKnownFileType = image.png; path = "Default@2x.png"; sourceTree = "<group>"; };
		3BDB0CFC1762A7FA007AB586 /* scale-114x114.png */ = {isa = PBXFileReference; lastKnownFileType = image.png; path = "scale-114x114.png"; sourceTree = "<group>"; };
		3BDB0D011762C184007AB586 /* StoreKit.framework */ = {isa = PBXFileReference; lastKnownFileType = wrapper.framework; name = StoreKit.framework; path = System/Library/Frameworks/StoreKit.framework; sourceTree = SDKROOT; };
		3BDB0D031762CCD9007AB586 /* MyStoreObserver.h */ = {isa = PBXFileReference; fileEncoding = 4; lastKnownFileType = sourcecode.c.h; path = MyStoreObserver.h; sourceTree = "<group>"; };
		3BDB0D041762CCD9007AB586 /* MyStoreObserver.m */ = {isa = PBXFileReference; fileEncoding = 4; lastKnownFileType = sourcecode.c.objc; path = MyStoreObserver.m; sourceTree = "<group>"; };
		3BDF4FA41760175000964B0E /* ButtonGradient.png */ = {isa = PBXFileReference; lastKnownFileType = image.png; path = ButtonGradient.png; sourceTree = "<group>"; };
		3BDF4FA6176019D800964B0E /* MyButton.h */ = {isa = PBXFileReference; fileEncoding = 4; lastKnownFileType = sourcecode.c.h; path = MyButton.h; sourceTree = "<group>"; };
		3BDF4FA7176019D800964B0E /* MyButton.m */ = {isa = PBXFileReference; fileEncoding = 4; lastKnownFileType = sourcecode.c.objc; path = MyButton.m; sourceTree = "<group>"; };
		3BDF4FA917601B3C00964B0E /* QuartzCore.framework */ = {isa = PBXFileReference; lastKnownFileType = wrapper.framework; name = QuartzCore.framework; path = System/Library/Frameworks/QuartzCore.framework; sourceTree = SDKROOT; };
/* End PBXFileReference section */

/* Begin PBXFrameworksBuildPhase section */
		3B73071E175EC9F500873194 /* Frameworks */ = {
			isa = PBXFrameworksBuildPhase;
			buildActionMask = 2147483647;
			files = (
				3BDB0D021762C184007AB586 /* StoreKit.framework in Frameworks */,
				3B312C0B17602A8F00AF12F9 /* iAd.framework in Frameworks */,
				3BDF4FAA17601B3C00964B0E /* QuartzCore.framework in Frameworks */,
				3B730725175EC9F500873194 /* UIKit.framework in Frameworks */,
				3B730727175EC9F500873194 /* Foundation.framework in Frameworks */,
				3B730729175EC9F500873194 /* CoreGraphics.framework in Frameworks */,
			);
			runOnlyForDeploymentPostprocessing = 0;
		};
/* End PBXFrameworksBuildPhase section */

/* Begin PBXGroup section */
		3B730718175EC9F400873194 = {
			isa = PBXGroup;
			children = (
				3B3560F6176378DC0064E489 /* evenbetterdeal.entitlements */,
				3BD286731762EFC000A9AEE4 /* Default-Portrait~ipad.png */,
				3BD286711762EF5B00A9AEE4 /* Default-Portrait@2x~ipad.png */,
				3BD2866F1762EB0700A9AEE4 /* scale-72x72.png */,
				3BD2866D1762EAAC00A9AEE4 /* scale-144x144.png */,
				3BD2866B1762E97100A9AEE4 /* scale-57x57.png */,
				3BDB0CF91762A7FA007AB586 /* Default-568h@2x.png */,
				3BDB0CFA1762A7FA007AB586 /* Default.png */,
				3BDB0CFB1762A7FA007AB586 /* Default@2x.png */,
				3BDB0CFC1762A7FA007AB586 /* scale-114x114.png */,
				3B73072A175EC9F500873194 /* EBD */,
				3B730723175EC9F500873194 /* Frameworks */,
				3B730722175EC9F500873194 /* Products */,
			);
			sourceTree = "<group>";
		};
		3B730722175EC9F500873194 /* Products */ = {
			isa = PBXGroup;
			children = (
				3B730721175EC9F500873194 /* evenbetterdeal.app */,
			);
			name = Products;
			sourceTree = "<group>";
		};
		3B730723175EC9F500873194 /* Frameworks */ = {
			isa = PBXGroup;
			children = (
				3BDB0D011762C184007AB586 /* StoreKit.framework */,
				3B312C0A17602A8F00AF12F9 /* iAd.framework */,
				3BDF4FA917601B3C00964B0E /* QuartzCore.framework */,
				3B730724175EC9F500873194 /* UIKit.framework */,
				3B730726175EC9F500873194 /* Foundation.framework */,
				3B730728175EC9F500873194 /* CoreGraphics.framework */,
			);
			name = Frameworks;
			sourceTree = "<group>";
		};
		3B73072A175EC9F500873194 /* EBD */ = {
			isa = PBXGroup;
			children = (
				3B730733175EC9F500873194 /* AppDelegate.h */,
				3B730734175EC9F500873194 /* AppDelegate.m */,
				3BDB0D031762CCD9007AB586 /* MyStoreObserver.h */,
				3BDB0D041762CCD9007AB586 /* MyStoreObserver.m */,
				3B73073C175EC9F500873194 /* MainStoryboard_iPhone.storyboard */,
				3B73073F175EC9F500873194 /* MainStoryboard_iPad.storyboard */,
				3B730742175EC9F500873194 /* ViewController.h */,
				3B730743175EC9F500873194 /* ViewController.m */,
				3BDF4FA41760175000964B0E /* ButtonGradient.png */,
				3B3A62F51761557700C7DD46 /* ButtonGradient2.png */,
				3B3A62F61761557700C7DD46 /* ButtonGradient3.png */,
				3B3A62F71761557700C7DD46 /* ButtonGradient4.png */,
				3BDF4FA6176019D800964B0E /* MyButton.h */,
				3BDF4FA7176019D800964B0E /* MyButton.m */,
				3B73072B175EC9F500873194 /* Supporting Files */,
				3BDB0CEC17621F14007AB586 /* Templates */,
			);
			path = EBD;
			sourceTree = "<group>";
		};
		3B73072B175EC9F500873194 /* Supporting Files */ = {
			isa = PBXGroup;
			children = (
				3B73072C175EC9F500873194 /* evenbetterdeal-Info.plist */,
				3B73072D175EC9F500873194 /* InfoPlist.strings */,
				3B730730175EC9F500873194 /* main.m */,
				3B730732175EC9F500873194 /* evenbetterdeal-Prefix.pch */,
			);
			name = "Supporting Files";
			sourceTree = "<group>";
		};
		3BDB0CEC17621F14007AB586 /* Templates */ = {
			isa = PBXGroup;
			children = (
				3BDB0CE61762032E007AB586 /* iPhone3.5.xib */,
				3BDB0CEA17620DC1007AB586 /* iPad.xib */,
				3B47EFA8176965B800A67A31 /* iPad4.xib */,
				3BDB0CE817620AE1007AB586 /* iPhone4.xib */,
				3B47EFA0176955EB00A67A31 /* iPhone4A.xib */,
				3B47EFA21769635C00A67A31 /* iPhone3.5A.xib */,
			);
			name = Templates;
			sourceTree = "<group>";
		};
/* End PBXGroup section */

/* Begin PBXNativeTarget section */
		3B730720175EC9F500873194 /* evenbetterdeal */ = {
			isa = PBXNativeTarget;
			buildConfigurationList = 3B730747175EC9F500873194 /* Build configuration list for PBXNativeTarget "evenbetterdeal" */;
			buildPhases = (
				3B73071D175EC9F500873194 /* Sources */,
				3B73071E175EC9F500873194 /* Frameworks */,
				3B73071F175EC9F500873194 /* Resources */,
			);
			buildRules = (
			);
			dependencies = (
			);
			name = evenbetterdeal;
			productName = EBD;
			productReference = 3B730721175EC9F500873194 /* evenbetterdeal.app */;
			productType = "com.apple.product-type.application";
		};
/* End PBXNativeTarget section */

/* Begin PBXProject section */
		3B730719175EC9F400873194 /* Project object */ = {
			isa = PBXProject;
			attributes = {
				LastUpgradeCheck = 0460;
				ORGANIZATIONNAME = "Joe Bologna";
			};
			buildConfigurationList = 3B73071C175EC9F400873194 /* Build configuration list for PBXProject "evenbetterdeal" */;
			compatibilityVersion = "Xcode 3.2";
			developmentRegion = English;
			hasScannedForEncodings = 0;
			knownRegions = (
				en,
			);
			mainGroup = 3B730718175EC9F400873194;
			productRefGroup = 3B730722175EC9F500873194 /* Products */;
			projectDirPath = "";
			projectRoot = "";
			targets = (
				3B730720175EC9F500873194 /* evenbetterdeal */,
			);
		};
/* End PBXProject section */

/* Begin PBXResourcesBuildPhase section */
		3B73071F175EC9F500873194 /* Resources */ = {
			isa = PBXResourcesBuildPhase;
			buildActionMask = 2147483647;
			files = (
				3B73072F175EC9F500873194 /* InfoPlist.strings in Resources */,
				3B73073E175EC9F500873194 /* MainStoryboard_iPhone.storyboard in Resources */,
				3B730741175EC9F500873194 /* MainStoryboard_iPad.storyboard in Resources */,
				3B3A62F91761557700C7DD46 /* ButtonGradient3.png in Resources */,
				3BDB0CFD1762A7FA007AB586 /* Default-568h@2x.png in Resources */,
				3BDB0D001762A7FA007AB586 /* scale-114x114.png in Resources */,
				3BD2866C1762E97100A9AEE4 /* scale-57x57.png in Resources */,
				3BD2866E1762EAAC00A9AEE4 /* scale-144x144.png in Resources */,
				3BD286701762EB0700A9AEE4 /* scale-72x72.png in Resources */,
				3BD286721762EF5B00A9AEE4 /* Default-Portrait@2x~ipad.png in Resources */,
				3BD286741762EFC000A9AEE4 /* Default-Portrait~ipad.png in Resources */,
				3B47EFA1176955EB00A67A31 /* iPhone4A.xib in Resources */,
				3B47EFA31769635C00A67A31 /* iPhone3.5A.xib in Resources */,
				3B47EFA9176965B800A67A31 /* iPad4.xib in Resources */,
			);
			runOnlyForDeploymentPostprocessing = 0;
		};
/* End PBXResourcesBuildPhase section */

/* Begin PBXSourcesBuildPhase section */
		3B73071D175EC9F500873194 /* Sources */ = {
			isa = PBXSourcesBuildPhase;
			buildActionMask = 2147483647;
			files = (
				3B730731175EC9F500873194 /* main.m in Sources */,
				3B730735175EC9F500873194 /* AppDelegate.m in Sources */,
				3B730744175EC9F500873194 /* ViewController.m in Sources */,
				3BDF4FA8176019D800964B0E /* MyButton.m in Sources */,
				3BDB0D051762CCD9007AB586 /* MyStoreObserver.m in Sources */,
			);
			runOnlyForDeploymentPostprocessing = 0;
		};
/* End PBXSourcesBuildPhase section */

/* Begin PBXVariantGroup section */
		3B73072D175EC9F500873194 /* InfoPlist.strings */ = {
			isa = PBXVariantGroup;
			children = (
				3B73072E175EC9F500873194 /* en */,
			);
			name = InfoPlist.strings;
			sourceTree = "<group>";
		};
		3B73073C175EC9F500873194 /* MainStoryboard_iPhone.storyboard */ = {
			isa = PBXVariantGroup;
			children = (
				3B73073D175EC9F500873194 /* en */,
			);
			name = MainStoryboard_iPhone.storyboard;
			sourceTree = "<group>";
		};
		3B73073F175EC9F500873194 /* MainStoryboard_iPad.storyboard */ = {
			isa = PBXVariantGroup;
			children = (
				3B730740175EC9F500873194 /* en */,
			);
			name = MainStoryboard_iPad.storyboard;
			sourceTree = "<group>";
		};
/* End PBXVariantGroup section */

/* Begin XCBuildConfiguration section */
		3B730745175EC9F500873194 /* Debug */ = {
			isa = XCBuildConfiguration;
			buildSettings = {
				ALWAYS_SEARCH_USER_PATHS = NO;
				CLANG_CXX_LANGUAGE_STANDARD = "gnu++0x";
				CLANG_CXX_LIBRARY = "libc++";
				CLANG_ENABLE_OBJC_ARC = YES;
				CLANG_WARN_CONSTANT_CONVERSION = YES;
				CLANG_WARN_EMPTY_BODY = YES;
				CLANG_WARN_ENUM_CONVERSION = YES;
				CLANG_WARN_INT_CONVERSION = YES;
				CLANG_WARN__DUPLICATE_METHOD_MATCH = YES;
				CODE_SIGN_IDENTITY = "iPhone Distribution: Focused for Success, Inc. (2GC862GT48)";
				"CODE_SIGN_IDENTITY[sdk=iphoneos*]" = "iPhone Developer";
				COPY_PHASE_STRIP = NO;
				GCC_C_LANGUAGE_STANDARD = gnu99;
				GCC_DYNAMIC_NO_PIC = NO;
				GCC_OPTIMIZATION_LEVEL = 0;
				GCC_PREPROCESSOR_DEFINITIONS = (
					"DEBUG=1",
					"$(inherited)",
				);
				GCC_SYMBOLS_PRIVATE_EXTERN = NO;
				GCC_WARN_ABOUT_RETURN_TYPE = YES;
				GCC_WARN_UNINITIALIZED_AUTOS = YES;
				GCC_WARN_UNUSED_VARIABLE = YES;
				IPHONEOS_DEPLOYMENT_TARGET = 6.1;
				ONLY_ACTIVE_ARCH = YES;
				PROVISIONING_PROFILE = "CB9ABADE-1FCE-4643-8250-4351ACFA23D7";
				SDKROOT = iphoneos;
				TARGETED_DEVICE_FAMILY = "1,2";
			};
			name = Debug;
		};
		3B730746175EC9F500873194 /* Release */ = {
			isa = XCBuildConfiguration;
			buildSettings = {
				ALWAYS_SEARCH_USER_PATHS = NO;
				CLANG_CXX_LANGUAGE_STANDARD = "gnu++0x";
				CLANG_CXX_LIBRARY = "libc++";
				CLANG_ENABLE_OBJC_ARC = YES;
				CLANG_WARN_CONSTANT_CONVERSION = YES;
				CLANG_WARN_EMPTY_BODY = YES;
				CLANG_WARN_ENUM_CONVERSION = YES;
				CLANG_WARN_INT_CONVERSION = YES;
				CLANG_WARN__DUPLICATE_METHOD_MATCH = YES;
				CODE_SIGN_IDENTITY = "iPhone Distribution: Focused for Success, Inc. (2GC862GT48)";
				"CODE_SIGN_IDENTITY[sdk=iphoneos*]" = "iPhone Developer";
				COPY_PHASE_STRIP = YES;
				GCC_C_LANGUAGE_STANDARD = gnu99;
				GCC_WARN_ABOUT_RETURN_TYPE = YES;
				GCC_WARN_UNINITIALIZED_AUTOS = YES;
				GCC_WARN_UNUSED_VARIABLE = YES;
				IPHONEOS_DEPLOYMENT_TARGET = 6.1;
				OTHER_CFLAGS = "-DNS_BLOCK_ASSERTIONS=1";
				PROVISIONING_PROFILE = "CB9ABADE-1FCE-4643-8250-4351ACFA23D7";
				SDKROOT = iphoneos;
				TARGETED_DEVICE_FAMILY = "1,2";
				VALIDATE_PRODUCT = YES;
			};
			name = Release;
		};
		3B730748175EC9F500873194 /* Debug */ = {
			isa = XCBuildConfiguration;
			buildSettings = {
				CODE_SIGN_ENTITLEMENTS = evenbetterdeal.entitlements;
				CODE_SIGN_IDENTITY = "iPhone Distribution";
				"CODE_SIGN_IDENTITY[sdk=iphoneos*]" = "iPhone Developer";
				GCC_PRECOMPILE_PREFIX_HEADER = YES;
				GCC_PREFIX_HEADER = "EBD/evenbetterdeal-Prefix.pch";
				INFOPLIST_FILE = "$(SRCROOT)/EBD/evenbetterdeal-Info.plist";
				PRODUCT_NAME = evenbetterdeal;
				PROVISIONING_PROFILE = "";
				"PROVISIONING_PROFILE[sdk=iphoneos*]" = "";
				WRAPPER_EXTENSION = app;
			};
			name = Debug;
		};
		3B730749175EC9F500873194 /* Release */ = {
			isa = XCBuildConfiguration;
			buildSettings = {
				CODE_SIGN_ENTITLEMENTS = evenbetterdeal.entitlements;
				CODE_SIGN_IDENTITY = "iPhone Distribution";
				"CODE_SIGN_IDENTITY[sdk=iphoneos*]" = "iPhone Developer";
				GCC_PRECOMPILE_PREFIX_HEADER = YES;
				GCC_PREFIX_HEADER = "EBD/evenbetterdeal-Prefix.pch";
				INFOPLIST_FILE = "$(SRCROOT)/EBD/evenbetterdeal-Info.plist";
				PRODUCT_NAME = evenbetterdeal;
				PROVISIONING_PROFILE = "";
				"PROVISIONING_PROFILE[sdk=iphoneos*]" = "";
				WRAPPER_EXTENSION = app;
			};
			name = Release;
		};
/* End XCBuildConfiguration section */

/* Begin XCConfigurationList section */
		3B73071C175EC9F400873194 /* Build configuration list for PBXProject "evenbetterdeal" */ = {
			isa = XCConfigurationList;
			buildConfigurations = (
				3B730745175EC9F500873194 /* Debug */,
				3B730746175EC9F500873194 /* Release */,
			);
			defaultConfigurationIsVisible = 0;
			defaultConfigurationName = Release;
		};
		3B730747175EC9F500873194 /* Build configuration list for PBXNativeTarget "evenbetterdeal" */ = {
			isa = XCConfigurationList;
			buildConfigurations = (
				3B730748175EC9F500873194 /* Debug */,
				3B730749175EC9F500873194 /* Release */,
			);
			defaultConfigurationIsVisible = 0;
			defaultConfigurationName = Release;
		};
/* End XCConfigurationList section */
	};
	rootObject = 3B730719175EC9F400873194 /* Project object */;
}
